
Microsoft Visual Studio Solution File, Format Version 12.00
# Visual Studio Version 16
VisualStudioVersion = 16.0.29911.84
MinimumVisualStudioVersion = 10.0.40219.1
Project("{FAE04EC0-301F-11D3-BF4B-00C04F79EFBC}") = "Compare2Files", "Compare2Files\Compare2Files.csproj", "{33D839B6-BE61-47D3-9FD9-7CFB90E588E2}"
EndProject
Project("{FAE04EC0-301F-11D3-BF4B-00C04F79EFBC}") = "Compare2FilesForms", "Compare2FilesForms\Compare2FilesForms.csproj", "{670E436B-5137-4903-9407-3397FFFBB701}"
EndProject
Project("{FAE04EC0-301F-11D3-BF4B-00C04F79EFBC}") = "CompareFolder", "CompareFolder\CompareFolder.csproj", "{C97EEE3A-B2DD-4852-956D-B2F1FDA7C3FC}"
EndProject
Global
	GlobalSection(SolutionConfigurationPlatforms) = preSolution
		Debug|Any CPU = Debug|Any CPU
		Release|Any CPU = Release|Any CPU
	EndGlobalSection
	GlobalSection(ProjectConfigurationPlatforms) = postSolution
		{33D839B6-BE61-47D3-9FD9-7CFB90E588E2}.Debug|Any CPU.ActiveCfg = Debug|Any CPU
		{33D839B6-BE61-47D3-9FD9-7CFB90E588E2}.Debug|Any CPU.Build.0 = Debug|Any CPU
		{33D839B6-BE61-47D3-9FD9-7CFB90E588E2}.Release|Any CPU.ActiveCfg = Release|Any CPU
		{33D839B6-BE61-47D3-9FD9-7CFB90E588E2}.Release|Any CPU.Build.0 = Release|Any CPU
		{670E436B-5137-4903-9407-3397FFFBB701}.Debug|Any CPU.ActiveCfg = Debug|Any CPU
		{670E436B-5137-4903-9407-3397FFFBB701}.Debug|Any CPU.Build.0 = Debug|Any CPU
		{670E436B-5137-4903-9407-3397FFFBB701}.Release|Any CPU.ActiveCfg = Release|Any CPU
		{670E436B-5137-4903-9407-3397FFFBB701}.Release|Any CPU.Build.0 = Release|Any CPU
		{C97EEE3A-B2DD-4852-956D-B2F1FDA7C3FC}.Debug|Any CPU.ActiveCfg = Debug|Any CPU
		{C97EEE3A-B2DD-4852-956D-B2F1FDA7C3FC}.Debug|Any CPU.Build.0 = Debug|Any CPU
		{C97EEE3A-B2DD-4852-956D-B2F1FDA7C3FC}.Release|Any CPU.ActiveCfg = Release|Any CPU
		{C97EEE3A-B2DD-4852-956D-B2F1FDA7C3FC}.Release|Any CPU.Build.0 = Release|Any CPU
	EndGlobalSection
	GlobalSection(SolutionProperties) = preSolution
		HideSolutionNode = FALSE
	EndGlobalSection
	GlobalSection(ExtensibilityGlobals) = postSolution
		SolutionGuid = {A6E1923D-3F5B-459C-9FD1-F0F5604A85C5}
	EndGlobalSection
EndGlobal
